
Microsoft Visual Studio Solution File, Format Version 12.00
# Visual Studio 15
VisualStudioVersion = 15.0.28307.438
MinimumVisualStudioVersion = 10.0.40219.1
Project("{8BC9CEB8-8B4A-11D0-8D11-00A0C91BC942}") = "01-Lexical", "01-Lexical\01-Lexical.vcxproj", "{660AB71A-ACB2-4FCC-AA9B-712A5C47713E}"
EndProject
Global
	GlobalSection(SolutionConfigurationPlatforms) = preSolution
		Debug|x64 = Debug|x64
		Debug|x86 = Debug|x86
		Release|x64 = Release|x64
		Release|x86 = Release|x86
	EndGlobalSection
	GlobalSection(ProjectConfigurationPlatforms) = postSolution
		{660AB71A-ACB2-4FCC-AA9B-712A5C47713E}.Debug|x64.ActiveCfg = Debug|x64
		{660AB71A-ACB2-4FCC-AA9B-712A5C47713E}.Debug|x64.Build.0 = Debug|x64
		{660AB71A-ACB2-4FCC-AA9B-712A5C47713E}.Debug|x86.ActiveCfg = Debug|Win32
		{660AB71A-ACB2-4FCC-AA9B-712A5C47713E}.Debug|x86.Build.0 = Debug|Win32
		{660AB71A-ACB2-4FCC-AA9B-712A5C47713E}.Release|x64.ActiveCfg = Release|x64
		{660AB71A-ACB2-4FCC-AA9B-712A5C47713E}.Release|x64.Build.0 = Release|x64
		{660AB71A-ACB2-4FCC-AA9B-712A5C47713E}.Release|x86.ActiveCfg = Release|Win32
		{660AB71A-ACB2-4FCC-AA9B-712A5C47713E}.Release|x86.Build.0 = Release|Win32
	EndGlobalSection
	GlobalSection(SolutionProperties) = preSolution
		HideSolutionNode = FALSE
	EndGlobalSection
	GlobalSection(ExtensibilityGlobals) = postSolution
		SolutionGuid = {38B9F94B-2777-4C12-8AD8-1EC655FFA6C4}
	EndGlobalSection
EndGlobal
